
Microsoft Visual Studio Solution File, Format Version 12.00
# Visual Studio Version 17
VisualStudioVersion = 17.10.34916.146
MinimumVisualStudioVersion = 10.0.40219.1
Project("{FAE04EC0-301F-11D3-BF4B-00C04F79EFBC}") = "Argent1", "Argent1\Argent1.csproj", "{B227028D-689E-49C2-A910-94B87AE6EEDF}"
EndProject
Global
	GlobalSection(SolutionConfigurationPlatforms) = preSolution
		Debug|Any CPU = Debug|Any CPU
		Release|Any CPU = Release|Any CPU
	EndGlobalSection
	GlobalSection(ProjectConfigurationPlatforms) = postSolution
		{B227028D-689E-49C2-A910-94B87AE6EEDF}.Debug|Any CPU.ActiveCfg = Debug|Any CPU
		{B227028D-689E-49C2-A910-94B87AE6EEDF}.Debug|Any CPU.Build.0 = Debug|Any CPU
		{B227028D-689E-49C2-A910-94B87AE6EEDF}.Release|Any CPU.ActiveCfg = Release|Any CPU
		{B227028D-689E-49C2-A910-94B87AE6EEDF}.Release|Any CPU.Build.0 = Release|Any CPU
	EndGlobalSection
	GlobalSection(SolutionProperties) = preSolution
		HideSolutionNode = FALSE
	EndGlobalSection
	GlobalSection(ExtensibilityGlobals) = postSolution
		SolutionGuid = {B86A6EBA-AFB1-4C39-89A4-EDFB0BC9ADD0}
	EndGlobalSection
EndGlobal
