
Microsoft Visual Studio Solution File, Format Version 12.00
# Visual Studio Version 17
VisualStudioVersion = 17.10.34916.146
MinimumVisualStudioVersion = 10.0.40219.1
Project("{FAE04EC0-301F-11D3-BF4B-00C04F79EFBC}") = "ExoSemaine1", "ExoSemaine1\ExoSemaine1.csproj", "{8C091398-B867-4049-B3E2-A490FB53B71B}"
EndProject
Project("{FAE04EC0-301F-11D3-BF4B-00C04F79EFBC}") = "BatailleNavale", "BatailleNavale\BatailleNavale.csproj", "{58BCF432-1756-42AE-A01F-C33B9406A17A}"
EndProject
Project("{FAE04EC0-301F-11D3-BF4B-00C04F79EFBC}") = "Argent1", "Argent1\Argent1.csproj", "{B227028D-689E-49C2-A910-94B87AE6EEDF}"
EndProject
Project("{FAE04EC0-301F-11D3-BF4B-00C04F79EFBC}") = "Or", "Or1\Or.csproj", "{8E58D626-3838-4CDA-8C69-B9C0386E35D2}"
EndProject
Project("{2150E333-8FDC-42A3-9474-1A3956D46DE8}") = "Éléments de solution", "Éléments de solution", "{9C8CB701-102D-CF49-A3E0-89AC09D42C2C}"
	ProjectSection(SolutionItems) = preProject
		C:\Users\Formation\Downloads\AttributPresentation.cs = C:\Users\Formation\Downloads\AttributPresentation.cs
	EndProjectSection
EndProject
Global
	GlobalSection(SolutionConfigurationPlatforms) = preSolution
		Debug|Any CPU = Debug|Any CPU
		Release|Any CPU = Release|Any CPU
	EndGlobalSection
	GlobalSection(ProjectConfigurationPlatforms) = postSolution
		{8C091398-B867-4049-B3E2-A490FB53B71B}.Debug|Any CPU.ActiveCfg = Debug|Any CPU
		{8C091398-B867-4049-B3E2-A490FB53B71B}.Debug|Any CPU.Build.0 = Debug|Any CPU
		{8C091398-B867-4049-B3E2-A490FB53B71B}.Release|Any CPU.ActiveCfg = Release|Any CPU
		{8C091398-B867-4049-B3E2-A490FB53B71B}.Release|Any CPU.Build.0 = Release|Any CPU
		{58BCF432-1756-42AE-A01F-C33B9406A17A}.Debug|Any CPU.ActiveCfg = Debug|Any CPU
		{58BCF432-1756-42AE-A01F-C33B9406A17A}.Debug|Any CPU.Build.0 = Debug|Any CPU
		{58BCF432-1756-42AE-A01F-C33B9406A17A}.Release|Any CPU.ActiveCfg = Release|Any CPU
		{58BCF432-1756-42AE-A01F-C33B9406A17A}.Release|Any CPU.Build.0 = Release|Any CPU
		{B227028D-689E-49C2-A910-94B87AE6EEDF}.Debug|Any CPU.ActiveCfg = Debug|Any CPU
		{B227028D-689E-49C2-A910-94B87AE6EEDF}.Debug|Any CPU.Build.0 = Debug|Any CPU
		{B227028D-689E-49C2-A910-94B87AE6EEDF}.Release|Any CPU.ActiveCfg = Release|Any CPU
		{B227028D-689E-49C2-A910-94B87AE6EEDF}.Release|Any CPU.Build.0 = Release|Any CPU
		{8E58D626-3838-4CDA-8C69-B9C0386E35D2}.Debug|Any CPU.ActiveCfg = Debug|Any CPU
		{8E58D626-3838-4CDA-8C69-B9C0386E35D2}.Debug|Any CPU.Build.0 = Debug|Any CPU
		{8E58D626-3838-4CDA-8C69-B9C0386E35D2}.Release|Any CPU.ActiveCfg = Release|Any CPU
		{8E58D626-3838-4CDA-8C69-B9C0386E35D2}.Release|Any CPU.Build.0 = Release|Any CPU
	EndGlobalSection
	GlobalSection(SolutionProperties) = preSolution
		HideSolutionNode = FALSE
	EndGlobalSection
	GlobalSection(ExtensibilityGlobals) = postSolution
		SolutionGuid = {BAE881E9-7065-4993-BF2E-7DD44C2D2A55}
	EndGlobalSection
EndGlobal
